
Microsoft Visual Studio Solution File, Format Version 12.00
# Visual Studio 15
VisualStudioVersion = 15.0.27004.2008
MinimumVisualStudioVersion = 10.0.40219.1
Project("{9A19103F-16F7-4668-BE54-9A1E7A4F7556}") = "FFStats.Processing", "FFStats.Processing\FFStats.Processing.csproj", "{40E49540-26EB-47A4-A0C3-E5786A5BC026}"
EndProject
Project("{9A19103F-16F7-4668-BE54-9A1E7A4F7556}") = "FFStats.Models", "FFStats.Models\FFStats.Models.csproj", "{0C2505C2-3541-47B8-8C66-0B0B06323C6D}"
EndProject
Project("{9A19103F-16F7-4668-BE54-9A1E7A4F7556}") = "FFStats.DbHandler", "FFStats.DbHandler\FFStats.DbHandler.csproj", "{74420BD9-D6C6-47E6-AB2D-E95F888FBA2C}"
EndProject
Project("{8BC9CEB8-8B4A-11D0-8D11-00A0C91BC942}") = "FFStats.PlayoffProb", "FFStats.PlayoffProb\FFStats.PlayoffProb.vcxproj", "{96B41DB7-068A-43CB-ABCC-D5CDF76B7E06}"
EndProject
Global
	GlobalSection(SolutionConfigurationPlatforms) = preSolution
		Debug|Any CPU = Debug|Any CPU
		Release|Any CPU = Release|Any CPU
	EndGlobalSection
	GlobalSection(ProjectConfigurationPlatforms) = postSolution
		{40E49540-26EB-47A4-A0C3-E5786A5BC026}.Debug|Any CPU.ActiveCfg = Debug|Any CPU
		{40E49540-26EB-47A4-A0C3-E5786A5BC026}.Debug|Any CPU.Build.0 = Debug|Any CPU
		{40E49540-26EB-47A4-A0C3-E5786A5BC026}.Release|Any CPU.ActiveCfg = Release|Any CPU
		{40E49540-26EB-47A4-A0C3-E5786A5BC026}.Release|Any CPU.Build.0 = Release|Any CPU
		{0C2505C2-3541-47B8-8C66-0B0B06323C6D}.Debug|Any CPU.ActiveCfg = Debug|Any CPU
		{0C2505C2-3541-47B8-8C66-0B0B06323C6D}.Debug|Any CPU.Build.0 = Debug|Any CPU
		{0C2505C2-3541-47B8-8C66-0B0B06323C6D}.Release|Any CPU.ActiveCfg = Release|Any CPU
		{0C2505C2-3541-47B8-8C66-0B0B06323C6D}.Release|Any CPU.Build.0 = Release|Any CPU
		{74420BD9-D6C6-47E6-AB2D-E95F888FBA2C}.Debug|Any CPU.ActiveCfg = Debug|Any CPU
		{74420BD9-D6C6-47E6-AB2D-E95F888FBA2C}.Debug|Any CPU.Build.0 = Debug|Any CPU
		{74420BD9-D6C6-47E6-AB2D-E95F888FBA2C}.Release|Any CPU.ActiveCfg = Release|Any CPU
		{74420BD9-D6C6-47E6-AB2D-E95F888FBA2C}.Release|Any CPU.Build.0 = Release|Any CPU
		{96B41DB7-068A-43CB-ABCC-D5CDF76B7E06}.Debug|Any CPU.ActiveCfg = Debug|x64
		{96B41DB7-068A-43CB-ABCC-D5CDF76B7E06}.Debug|Any CPU.Build.0 = Debug|x64
		{96B41DB7-068A-43CB-ABCC-D5CDF76B7E06}.Release|Any CPU.ActiveCfg = Release|x64
		{96B41DB7-068A-43CB-ABCC-D5CDF76B7E06}.Release|Any CPU.Build.0 = Release|x64
	EndGlobalSection
	GlobalSection(SolutionProperties) = preSolution
		HideSolutionNode = FALSE
	EndGlobalSection
	GlobalSection(ExtensibilityGlobals) = postSolution
		SolutionGuid = {7E457188-1A6E-45FB-B798-5FC949FB5E5C}
	EndGlobalSection
EndGlobal
